{
    "_readme": [
        "This file locks the dependencies of your project to a known state",
        "Read more about it at https://getcomposer.org/doc/01-basic-usage.md#installing-dependencies",
        "This file is @generated automatically"
    ],
    "content-hash": "823052cabdd4f1f1c8cd63482cecfd5c",
    "packages": [
        {
            "name": "symfony/dotenv",
            "version": "v6.4.4",
            "source": {
                "type": "git",
                "url": "https://github.com/symfony/dotenv.git",
                "reference": "f6f0a3dd102915b4c5bfdf4f4e3139a8cbf477a0"
            },
            "dist": {
                "type": "zip",
                "url": "https://api.github.com/repos/symfony/dotenv/zipball/f6f0a3dd102915b4c5bfdf4f4e3139a8cbf477a0",
                "reference": "f6f0a3dd102915b4c5bfdf4f4e3139a8cbf477a0",
                "shasum": ""
            },
            "require": {
                "php": ">=8.1"
            },
            "conflict": {
                "symfony/console": "<5.4",
                "symfony/process": "<5.4"
            },
            "require-dev": {
                "symfony/console": "^5.4|^6.0|^7.0",
                "symfony/process": "^5.4|^6.0|^7.0"
            },
            "type": "library",
            "autoload": {
                "psr-4": {
                    "Symfony\\Component\\Dotenv\\": ""
                },
                "exclude-from-classmap": [
                    "/Tests/"
                ]
            },
            "notification-url": "https://packagist.org/downloads/",
            "license": [
                "MIT"
            ],
            "authors": [
                {
                    "name": "Fabien Potencier",
                    "email": "fabien@symfony.com"
                },
                {
                    "name": "Symfony Community",
                    "homepage": "https://symfony.com/contributors"
                }
            ],
            "description": "Registers environment variables from a .env file",
            "homepage": "https://symfony.com",
            "keywords": [
                "dotenv",
                "env",
                "environment"
            ],
            "support": {
                "source": "https://github.com/symfony/dotenv/tree/v6.4.4"
            },
            "funding": [
                {
                    "url": "https://symfony.com/sponsor",
                    "type": "custom"
                },
                {
                    "url": "https://github.com/fabpot",
                    "type": "github"
                },
                {
                    "url": "https://tidelift.com/funding/github/packagist/symfony/symfony",
                    "type": "tidelift"
                }
            ],
            "time": "2024-02-08T17:53:17+00:00"
        },
        {
            "name": "theoknoep/gpx-difficulty-score",
            "version": "dev-master",
            "source": {
                "type": "git",
                "url": "https://github.com/TheoKnoep/gpx-parser.git",
                "reference": "7f68e00a728301155febc62463eae93186e0b841"
            },
            "dist": {
                "type": "zip",
                "url": "https://api.github.com/repos/TheoKnoep/gpx-parser/zipball/7f68e00a728301155febc62463eae93186e0b841",
                "reference": "7f68e00a728301155febc62463eae93186e0b841",
                "shasum": ""
            },
            "require": {
                "php": ">=7.4"
            },
            "default-branch": true,
            "type": "library",
            "autoload": {
                "psr-4": {
                    "Theoknoep\\GpxDifficultyScore\\": "src/"
                }
            },
            "notification-url": "https://packagist.org/downloads/",
            "license": [
                "MIT"
            ],
            "authors": [
                {
                    "name": "Theo Knoepflin",
                    "email": "theo.knoepflin@gmail.com"
                }
            ],
            "description": "Simple PHP Lib for evaluate the difficulty of a GPX file (based on elevation)",
            "support": {
                "issues": "https://github.com/TheoKnoep/gpx-parser/issues",
                "source": "https://github.com/TheoKnoep/gpx-parser/tree/master"
            },
            "time": "2024-04-02T18:46:54+00:00"
        }
    ],
    "packages-dev": [],
    "aliases": [],
    "minimum-stability": "stable",
    "stability-flags": {
        "theoknoep/gpx-difficulty-score": 20
    },
    "prefer-stable": false,
    "prefer-lowest": false,
    "platform": [],
    "platform-dev": [],
    "plugin-api-version": "2.6.0"
}
